// !$*UTF8*$!
{
	archiveVersion = 1;
	classes = {
	};
	objectVersion = 56;
	objects = {

/* Begin PBXBuildFile section */
		34A3A4DC2BB6C1A300788A93 /* AppDelegate.swift in Sources */ = {isa = PBXBuildFile; fileRef = 34A3A4DB2BB6C1A300788A93 /* AppDelegate.swift */; };
		34A3A4E02BB6C1A300788A93 /* RootViewController.swift in Sources */ = {isa = PBXBuildFile; fileRef = 34A3A4DF2BB6C1A300788A93 /* RootViewController.swift */; };
		34A3A4E52BB6C1A500788A93 /* Assets.xcassets in Resources */ = {isa = PBXBuildFile; fileRef = 34A3A4E42BB6C1A500788A93 /* Assets.xcassets */; };
		34A3A4E82BB6C1A500788A93 /* LaunchScreen.storyboard in Resources */ = {isa = PBXBuildFile; fileRef = 34A3A4E62BB6C1A500788A93 /* LaunchScreen.storyboard */; };
		34A3A4F32BB6C1A500788A93 /* MovieAppTests.swift in Sources */ = {isa = PBXBuildFile; fileRef = 34A3A4F22BB6C1A500788A93 /* MovieAppTests.swift */; };
		34A3A4FD2BB6C1A500788A93 /* MovieAppUITests.swift in Sources */ = {isa = PBXBuildFile; fileRef = 34A3A4FC2BB6C1A500788A93 /* MovieAppUITests.swift */; };
		34A3A4FF2BB6C1A500788A93 /* MovieAppUITestsLaunchTests.swift in Sources */ = {isa = PBXBuildFile; fileRef = 34A3A4FE2BB6C1A500788A93 /* MovieAppUITestsLaunchTests.swift */; };
		34A3A50D2BB6C2E100788A93 /* RxCocoa in Frameworks */ = {isa = PBXBuildFile; productRef = 34A3A50C2BB6C2E100788A93 /* RxCocoa */; };
		34A3A50F2BB6C2E100788A93 /* RxRelay in Frameworks */ = {isa = PBXBuildFile; productRef = 34A3A50E2BB6C2E100788A93 /* RxRelay */; };
		34A3A5172BB6C4CF00788A93 /* BaseViewModel.swift in Sources */ = {isa = PBXBuildFile; fileRef = 34A3A5162BB6C4CF00788A93 /* BaseViewModel.swift */; };
		34A3A51A2BB6C4E700788A93 /* BaseViewController.swift in Sources */ = {isa = PBXBuildFile; fileRef = 34A3A5192BB6C4E700788A93 /* BaseViewController.swift */; };
		34A3A5212BB6C61600788A93 /* AppLogger.swift in Sources */ = {isa = PBXBuildFile; fileRef = 34A3A5202BB6C61600788A93 /* AppLogger.swift */; };
		34A3A5232BB6C6BA00788A93 /* EmptyViewModel.swift in Sources */ = {isa = PBXBuildFile; fileRef = 34A3A5222BB6C6BA00788A93 /* EmptyViewModel.swift */; };
		34A3A5282BB6C85300788A93 /* LoadingIndicator.swift in Sources */ = {isa = PBXBuildFile; fileRef = 34A3A5272BB6C85300788A93 /* LoadingIndicator.swift */; };
		34A3A52B2BB6C96A00788A93 /* Then in Frameworks */ = {isa = PBXBuildFile; productRef = 34A3A52A2BB6C96A00788A93 /* Then */; };
		34A3A52E2BB6C98600788A93 /* SnapKit in Frameworks */ = {isa = PBXBuildFile; productRef = 34A3A52D2BB6C98600788A93 /* SnapKit */; };
		34A3A5312BB6D12000788A93 /* APNGKit in Frameworks */ = {isa = PBXBuildFile; productRef = 34A3A5302BB6D12000788A93 /* APNGKit */; };
		34A3A5342BB6D24500788A93 /* main_spinner.png in Resources */ = {isa = PBXBuildFile; fileRef = 34A3A5332BB6D24500788A93 /* main_spinner.png */; };
		34A3A5352BB6D24500788A93 /* main_spinner.png in Resources */ = {isa = PBXBuildFile; fileRef = 34A3A5332BB6D24500788A93 /* main_spinner.png */; };
		34A3A53E2BB6D82300788A93 /* RootViewModel.swift in Sources */ = {isa = PBXBuildFile; fileRef = 34A3A53D2BB6D82300788A93 /* RootViewModel.swift */; };
		34A3A53F2BB6D82300788A93 /* RootViewModel.swift in Sources */ = {isa = PBXBuildFile; fileRef = 34A3A53D2BB6D82300788A93 /* RootViewModel.swift */; };
/* End PBXBuildFile section */

/* Begin PBXContainerItemProxy section */
		34A3A4EF2BB6C1A500788A93 /* PBXContainerItemProxy */ = {
			isa = PBXContainerItemProxy;
			containerPortal = 34A3A4D02BB6C1A300788A93 /* Project object */;
			proxyType = 1;
			remoteGlobalIDString = 34A3A4D72BB6C1A300788A93;
			remoteInfo = MovieApp;
		};
		34A3A4F92BB6C1A500788A93 /* PBXContainerItemProxy */ = {
			isa = PBXContainerItemProxy;
			containerPortal = 34A3A4D02BB6C1A300788A93 /* Project object */;
			proxyType = 1;
			remoteGlobalIDString = 34A3A4D72BB6C1A300788A93;
			remoteInfo = MovieApp;
		};
/* End PBXContainerItemProxy section */

/* Begin PBXFileReference section */
		34A3A4D82BB6C1A300788A93 /* MovieApp.app */ = {isa = PBXFileReference; explicitFileType = wrapper.application; includeInIndex = 0; path = MovieApp.app; sourceTree = BUILT_PRODUCTS_DIR; };
		34A3A4DB2BB6C1A300788A93 /* AppDelegate.swift */ = {isa = PBXFileReference; lastKnownFileType = sourcecode.swift; path = AppDelegate.swift; sourceTree = "<group>"; };
		34A3A4DF2BB6C1A300788A93 /* RootViewController.swift */ = {isa = PBXFileReference; lastKnownFileType = sourcecode.swift; path = RootViewController.swift; sourceTree = "<group>"; };
		34A3A4E42BB6C1A500788A93 /* Assets.xcassets */ = {isa = PBXFileReference; lastKnownFileType = folder.assetcatalog; path = Assets.xcassets; sourceTree = "<group>"; };
		34A3A4E72BB6C1A500788A93 /* Base */ = {isa = PBXFileReference; lastKnownFileType = file.storyboard; name = Base; path = Base.lproj/LaunchScreen.storyboard; sourceTree = "<group>"; };
		34A3A4E92BB6C1A500788A93 /* Info.plist */ = {isa = PBXFileReference; lastKnownFileType = text.plist.xml; path = Info.plist; sourceTree = "<group>"; };
		34A3A4EE2BB6C1A500788A93 /* MovieAppTests.xctest */ = {isa = PBXFileReference; explicitFileType = wrapper.cfbundle; includeInIndex = 0; path = MovieAppTests.xctest; sourceTree = BUILT_PRODUCTS_DIR; };
		34A3A4F22BB6C1A500788A93 /* MovieAppTests.swift */ = {isa = PBXFileReference; lastKnownFileType = sourcecode.swift; path = MovieAppTests.swift; sourceTree = "<group>"; };
		34A3A4F82BB6C1A500788A93 /* MovieAppUITests.xctest */ = {isa = PBXFileReference; explicitFileType = wrapper.cfbundle; includeInIndex = 0; path = MovieAppUITests.xctest; sourceTree = BUILT_PRODUCTS_DIR; };
		34A3A4FC2BB6C1A500788A93 /* MovieAppUITests.swift */ = {isa = PBXFileReference; lastKnownFileType = sourcecode.swift; path = MovieAppUITests.swift; sourceTree = "<group>"; };
		34A3A4FE2BB6C1A500788A93 /* MovieAppUITestsLaunchTests.swift */ = {isa = PBXFileReference; lastKnownFileType = sourcecode.swift; path = MovieAppUITestsLaunchTests.swift; sourceTree = "<group>"; };
		34A3A5162BB6C4CF00788A93 /* BaseViewModel.swift */ = {isa = PBXFileReference; lastKnownFileType = sourcecode.swift; path = BaseViewModel.swift; sourceTree = "<group>"; };
		34A3A5192BB6C4E700788A93 /* BaseViewController.swift */ = {isa = PBXFileReference; lastKnownFileType = sourcecode.swift; path = BaseViewController.swift; sourceTree = "<group>"; };
		34A3A5202BB6C61600788A93 /* AppLogger.swift */ = {isa = PBXFileReference; lastKnownFileType = sourcecode.swift; path = AppLogger.swift; sourceTree = "<group>"; };
		34A3A5222BB6C6BA00788A93 /* EmptyViewModel.swift */ = {isa = PBXFileReference; lastKnownFileType = sourcecode.swift; path = EmptyViewModel.swift; sourceTree = "<group>"; };
		34A3A5272BB6C85300788A93 /* LoadingIndicator.swift */ = {isa = PBXFileReference; lastKnownFileType = sourcecode.swift; path = LoadingIndicator.swift; sourceTree = "<group>"; };
		34A3A5332BB6D24500788A93 /* main_spinner.png */ = {isa = PBXFileReference; lastKnownFileType = image.png; path = main_spinner.png; sourceTree = "<group>"; };
		34A3A53D2BB6D82300788A93 /* RootViewModel.swift */ = {isa = PBXFileReference; lastKnownFileType = sourcecode.swift; path = RootViewModel.swift; sourceTree = "<group>"; };
/* End PBXFileReference section */

/* Begin PBXFrameworksBuildPhase section */
		34A3A4D52BB6C1A300788A93 /* Frameworks */ = {
			isa = PBXFrameworksBuildPhase;
			buildActionMask = 2147483647;
			files = (
				34A3A50F2BB6C2E100788A93 /* RxRelay in Frameworks */,
				34A3A52E2BB6C98600788A93 /* SnapKit in Frameworks */,
				34A3A52B2BB6C96A00788A93 /* Then in Frameworks */,
				34A3A5312BB6D12000788A93 /* APNGKit in Frameworks */,
				34A3A50D2BB6C2E100788A93 /* RxCocoa in Frameworks */,
			);
			runOnlyForDeploymentPostprocessing = 0;
		};
		34A3A4EB2BB6C1A500788A93 /* Frameworks */ = {
			isa = PBXFrameworksBuildPhase;
			buildActionMask = 2147483647;
			files = (
			);
			runOnlyForDeploymentPostprocessing = 0;
		};
		34A3A4F52BB6C1A500788A93 /* Frameworks */ = {
			isa = PBXFrameworksBuildPhase;
			buildActionMask = 2147483647;
			files = (
			);
			runOnlyForDeploymentPostprocessing = 0;
		};
/* End PBXFrameworksBuildPhase section */

/* Begin PBXGroup section */
		34A3A4CF2BB6C1A300788A93 = {
			isa = PBXGroup;
			children = (
				34A3A4DA2BB6C1A300788A93 /* MovieApp */,
				34A3A4F12BB6C1A500788A93 /* MovieAppTests */,
				34A3A4FB2BB6C1A500788A93 /* MovieAppUITests */,
				34A3A4D92BB6C1A300788A93 /* Products */,
			);
			sourceTree = "<group>";
		};
		34A3A4D92BB6C1A300788A93 /* Products */ = {
			isa = PBXGroup;
			children = (
				34A3A4D82BB6C1A300788A93 /* MovieApp.app */,
				34A3A4EE2BB6C1A500788A93 /* MovieAppTests.xctest */,
				34A3A4F82BB6C1A500788A93 /* MovieAppUITests.xctest */,
			);
			name = Products;
			sourceTree = "<group>";
		};
		34A3A4DA2BB6C1A300788A93 /* MovieApp */ = {
			isa = PBXGroup;
			children = (
				34A3A4E92BB6C1A500788A93 /* Info.plist */,
				34A3A5322BB6D21C00788A93 /* Resources */,
				34A3A51E2BB6C5F600788A93 /* Core */,
				34A3A5132BB6C3AB00788A93 /* Domain */,
				34A3A5122BB6C3A600788A93 /* Data */,
				34A3A5112BB6C3A000788A93 /* Present */,
				34A3A5102BB6C2E900788A93 /* Application */,
			);
			path = MovieApp;
			sourceTree = "<group>";
		};
		34A3A4F12BB6C1A500788A93 /* MovieAppTests */ = {
			isa = PBXGroup;
			children = (
				34A3A4F22BB6C1A500788A93 /* MovieAppTests.swift */,
			);
			path = MovieAppTests;
			sourceTree = "<group>";
		};
		34A3A4FB2BB6C1A500788A93 /* MovieAppUITests */ = {
			isa = PBXGroup;
			children = (
				34A3A4FC2BB6C1A500788A93 /* MovieAppUITests.swift */,
				34A3A4FE2BB6C1A500788A93 /* MovieAppUITestsLaunchTests.swift */,
			);
			path = MovieAppUITests;
			sourceTree = "<group>";
		};
		34A3A5102BB6C2E900788A93 /* Application */ = {
			isa = PBXGroup;
			children = (
				34A3A4E42BB6C1A500788A93 /* Assets.xcassets */,
				34A3A4E62BB6C1A500788A93 /* LaunchScreen.storyboard */,
				34A3A4DB2BB6C1A300788A93 /* AppDelegate.swift */,
			);
			path = Application;
			sourceTree = "<group>";
		};
		34A3A5112BB6C3A000788A93 /* Present */ = {
			isa = PBXGroup;
			children = (
				34A3A5242BB6C75E00788A93 /* Component */,
				34A3A5152BB6C49700788A93 /* Base */,
				34A3A5142BB6C3B500788A93 /* RootView */,
			);
			path = Present;
			sourceTree = "<group>";
		};
		34A3A5122BB6C3A600788A93 /* Data */ = {
			isa = PBXGroup;
			children = (
			);
			path = Data;
			sourceTree = "<group>";
		};
		34A3A5132BB6C3AB00788A93 /* Domain */ = {
			isa = PBXGroup;
			children = (
			);
			path = Domain;
			sourceTree = "<group>";
		};
		34A3A5142BB6C3B500788A93 /* RootView */ = {
			isa = PBXGroup;
			children = (
				34A3A4DF2BB6C1A300788A93 /* RootViewController.swift */,
				34A3A53D2BB6D82300788A93 /* RootViewModel.swift */,
			);
			path = RootView;
			sourceTree = "<group>";
		};
		34A3A5152BB6C49700788A93 /* Base */ = {
			isa = PBXGroup;
			children = (
				34A3A5162BB6C4CF00788A93 /* BaseViewModel.swift */,
				34A3A5192BB6C4E700788A93 /* BaseViewController.swift */,
				34A3A5222BB6C6BA00788A93 /* EmptyViewModel.swift */,
			);
			path = Base;
			sourceTree = "<group>";
		};
		34A3A51E2BB6C5F600788A93 /* Core */ = {
			isa = PBXGroup;
			children = (
				34A3A51F2BB6C60200788A93 /* AppLogger */,
			);
			path = Core;
			sourceTree = "<group>";
		};
		34A3A51F2BB6C60200788A93 /* AppLogger */ = {
			isa = PBXGroup;
			children = (
				34A3A5202BB6C61600788A93 /* AppLogger.swift */,
			);
			path = AppLogger;
			sourceTree = "<group>";
		};
		34A3A5242BB6C75E00788A93 /* Component */ = {
			isa = PBXGroup;
			children = (
				34A3A5262BB6C83400788A93 /* LoadingIndicator */,
			);
			path = Component;
			sourceTree = "<group>";
		};
		34A3A5262BB6C83400788A93 /* LoadingIndicator */ = {
			isa = PBXGroup;
			children = (
				34A3A5272BB6C85300788A93 /* LoadingIndicator.swift */,
			);
			path = LoadingIndicator;
			sourceTree = "<group>";
		};
		34A3A5322BB6D21C00788A93 /* Resources */ = {
			isa = PBXGroup;
			children = (
				34A3A5332BB6D24500788A93 /* main_spinner.png */,
			);
			path = Resources;
			sourceTree = "<group>";
		};
/* End PBXGroup section */

/* Begin PBXNativeTarget section */
		34A3A4D72BB6C1A300788A93 /* MovieApp */ = {
			isa = PBXNativeTarget;
			buildConfigurationList = 34A3A5022BB6C1A500788A93 /* Build configuration list for PBXNativeTarget "MovieApp" */;
			buildPhases = (
				34A3A4D42BB6C1A300788A93 /* Sources */,
				34A3A4D52BB6C1A300788A93 /* Frameworks */,
				34A3A4D62BB6C1A300788A93 /* Resources */,
			);
			buildRules = (
			);
			dependencies = (
			);
			name = MovieApp;
			packageProductDependencies = (
				34A3A50C2BB6C2E100788A93 /* RxCocoa */,
				34A3A50E2BB6C2E100788A93 /* RxRelay */,
				34A3A52A2BB6C96A00788A93 /* Then */,
				34A3A52D2BB6C98600788A93 /* SnapKit */,
				34A3A5302BB6D12000788A93 /* APNGKit */,
			);
			productName = MovieApp;
			productReference = 34A3A4D82BB6C1A300788A93 /* MovieApp.app */;
			productType = "com.apple.product-type.application";
		};
		34A3A4ED2BB6C1A500788A93 /* MovieAppTests */ = {
			isa = PBXNativeTarget;
			buildConfigurationList = 34A3A5052BB6C1A500788A93 /* Build configuration list for PBXNativeTarget "MovieAppTests" */;
			buildPhases = (
				34A3A4EA2BB6C1A500788A93 /* Sources */,
				34A3A4EB2BB6C1A500788A93 /* Frameworks */,
				34A3A4EC2BB6C1A500788A93 /* Resources */,
			);
			buildRules = (
			);
			dependencies = (
				34A3A4F02BB6C1A500788A93 /* PBXTargetDependency */,
			);
			name = MovieAppTests;
			productName = MovieAppTests;
			productReference = 34A3A4EE2BB6C1A500788A93 /* MovieAppTests.xctest */;
			productType = "com.apple.product-type.bundle.unit-test";
		};
		34A3A4F72BB6C1A500788A93 /* MovieAppUITests */ = {
			isa = PBXNativeTarget;
			buildConfigurationList = 34A3A5082BB6C1A500788A93 /* Build configuration list for PBXNativeTarget "MovieAppUITests" */;
			buildPhases = (
				34A3A4F42BB6C1A500788A93 /* Sources */,
				34A3A4F52BB6C1A500788A93 /* Frameworks */,
				34A3A4F62BB6C1A500788A93 /* Resources */,
			);
			buildRules = (
			);
			dependencies = (
				34A3A4FA2BB6C1A500788A93 /* PBXTargetDependency */,
			);
			name = MovieAppUITests;
			productName = MovieAppUITests;
			productReference = 34A3A4F82BB6C1A500788A93 /* MovieAppUITests.xctest */;
			productType = "com.apple.product-type.bundle.ui-testing";
		};
/* End PBXNativeTarget section */

/* Begin PBXProject section */
		34A3A4D02BB6C1A300788A93 /* Project object */ = {
			isa = PBXProject;
			attributes = {
				BuildIndependentTargetsInParallel = 1;
				LastSwiftUpdateCheck = 1520;
				LastUpgradeCheck = 1520;
				TargetAttributes = {
					34A3A4D72BB6C1A300788A93 = {
						CreatedOnToolsVersion = 15.2;
					};
					34A3A4ED2BB6C1A500788A93 = {
						CreatedOnToolsVersion = 15.2;
						TestTargetID = 34A3A4D72BB6C1A300788A93;
					};
					34A3A4F72BB6C1A500788A93 = {
						CreatedOnToolsVersion = 15.2;
						TestTargetID = 34A3A4D72BB6C1A300788A93;
					};
				};
			};
			buildConfigurationList = 34A3A4D32BB6C1A300788A93 /* Build configuration list for PBXProject "MovieApp" */;
			compatibilityVersion = "Xcode 14.0";
			developmentRegion = en;
			hasScannedForEncodings = 0;
			knownRegions = (
				en,
				Base,
			);
			mainGroup = 34A3A4CF2BB6C1A300788A93;
			packageReferences = (
				34A3A50B2BB6C2E100788A93 /* XCRemoteSwiftPackageReference "RxSwift" */,
				34A3A5292BB6C96A00788A93 /* XCRemoteSwiftPackageReference "Then" */,
				34A3A52C2BB6C98600788A93 /* XCRemoteSwiftPackageReference "SnapKit" */,
				34A3A52F2BB6D12000788A93 /* XCRemoteSwiftPackageReference "APNGKit" */,
			);
			productRefGroup = 34A3A4D92BB6C1A300788A93 /* Products */;
			projectDirPath = "";
			projectRoot = "";
			targets = (
				34A3A4D72BB6C1A300788A93 /* MovieApp */,
				34A3A4ED2BB6C1A500788A93 /* MovieAppTests */,
				34A3A4F72BB6C1A500788A93 /* MovieAppUITests */,
			);
		};
/* End PBXProject section */

/* Begin PBXResourcesBuildPhase section */
		34A3A4D62BB6C1A300788A93 /* Resources */ = {
			isa = PBXResourcesBuildPhase;
			buildActionMask = 2147483647;
			files = (
				34A3A4E82BB6C1A500788A93 /* LaunchScreen.storyboard in Resources */,
				34A3A5342BB6D24500788A93 /* main_spinner.png in Resources */,
				34A3A4E52BB6C1A500788A93 /* Assets.xcassets in Resources */,
			);
			runOnlyForDeploymentPostprocessing = 0;
		};
		34A3A4EC2BB6C1A500788A93 /* Resources */ = {
			isa = PBXResourcesBuildPhase;
			buildActionMask = 2147483647;
			files = (
			);
			runOnlyForDeploymentPostprocessing = 0;
		};
		34A3A4F62BB6C1A500788A93 /* Resources */ = {
			isa = PBXResourcesBuildPhase;
			buildActionMask = 2147483647;
			files = (
				34A3A5352BB6D24500788A93 /* main_spinner.png in Resources */,
			);
			runOnlyForDeploymentPostprocessing = 0;
		};
/* End PBXResourcesBuildPhase section */

/* Begin PBXSourcesBuildPhase section */
		34A3A4D42BB6C1A300788A93 /* Sources */ = {
			isa = PBXSourcesBuildPhase;
			buildActionMask = 2147483647;
			files = (
				34A3A4E02BB6C1A300788A93 /* RootViewController.swift in Sources */,
				34A3A51A2BB6C4E700788A93 /* BaseViewController.swift in Sources */,
				34A3A5232BB6C6BA00788A93 /* EmptyViewModel.swift in Sources */,
				34A3A4DC2BB6C1A300788A93 /* AppDelegate.swift in Sources */,
				34A3A5282BB6C85300788A93 /* LoadingIndicator.swift in Sources */,
				34A3A5212BB6C61600788A93 /* AppLogger.swift in Sources */,
				34A3A53E2BB6D82300788A93 /* RootViewModel.swift in Sources */,
				34A3A5172BB6C4CF00788A93 /* BaseViewModel.swift in Sources */,
			);
			runOnlyForDeploymentPostprocessing = 0;
		};
		34A3A4EA2BB6C1A500788A93 /* Sources */ = {
			isa = PBXSourcesBuildPhase;
			buildActionMask = 2147483647;
			files = (
				34A3A4F32BB6C1A500788A93 /* MovieAppTests.swift in Sources */,
			);
			runOnlyForDeploymentPostprocessing = 0;
		};
		34A3A4F42BB6C1A500788A93 /* Sources */ = {
			isa = PBXSourcesBuildPhase;
			buildActionMask = 2147483647;
			files = (
				34A3A4FF2BB6C1A500788A93 /* MovieAppUITestsLaunchTests.swift in Sources */,
				34A3A53F2BB6D82300788A93 /* RootViewModel.swift in Sources */,
				34A3A4FD2BB6C1A500788A93 /* MovieAppUITests.swift in Sources */,
			);
			runOnlyForDeploymentPostprocessing = 0;
		};
/* End PBXSourcesBuildPhase section */

/* Begin PBXTargetDependency section */
		34A3A4F02BB6C1A500788A93 /* PBXTargetDependency */ = {
			isa = PBXTargetDependency;
			target = 34A3A4D72BB6C1A300788A93 /* MovieApp */;
			targetProxy = 34A3A4EF2BB6C1A500788A93 /* PBXContainerItemProxy */;
		};
		34A3A4FA2BB6C1A500788A93 /* PBXTargetDependency */ = {
			isa = PBXTargetDependency;
			target = 34A3A4D72BB6C1A300788A93 /* MovieApp */;
			targetProxy = 34A3A4F92BB6C1A500788A93 /* PBXContainerItemProxy */;
		};
/* End PBXTargetDependency section */

/* Begin PBXVariantGroup section */
		34A3A4E62BB6C1A500788A93 /* LaunchScreen.storyboard */ = {
			isa = PBXVariantGroup;
			children = (
				34A3A4E72BB6C1A500788A93 /* Base */,
			);
			name = LaunchScreen.storyboard;
			sourceTree = "<group>";
		};
/* End PBXVariantGroup section */

/* Begin XCBuildConfiguration section */
		34A3A5002BB6C1A500788A93 /* Debug */ = {
			isa = XCBuildConfiguration;
			buildSettings = {
				ALWAYS_SEARCH_USER_PATHS = NO;
				ASSETCATALOG_COMPILER_GENERATE_SWIFT_ASSET_SYMBOL_EXTENSIONS = YES;
				CLANG_ANALYZER_NONNULL = YES;
				CLANG_ANALYZER_NUMBER_OBJECT_CONVERSION = YES_AGGRESSIVE;
				CLANG_CXX_LANGUAGE_STANDARD = "gnu++20";
				CLANG_ENABLE_MODULES = YES;
				CLANG_ENABLE_OBJC_ARC = YES;
				CLANG_ENABLE_OBJC_WEAK = YES;
				CLANG_WARN_BLOCK_CAPTURE_AUTORELEASING = YES;
				CLANG_WARN_BOOL_CONVERSION = YES;
				CLANG_WARN_COMMA = YES;
				CLANG_WARN_CONSTANT_CONVERSION = YES;
				CLANG_WARN_DEPRECATED_OBJC_IMPLEMENTATIONS = YES;
				CLANG_WARN_DIRECT_OBJC_ISA_USAGE = YES_ERROR;
				CLANG_WARN_DOCUMENTATION_COMMENTS = YES;
				CLANG_WARN_EMPTY_BODY = YES;
				CLANG_WARN_ENUM_CONVERSION = YES;
				CLANG_WARN_INFINITE_RECURSION = YES;
				CLANG_WARN_INT_CONVERSION = YES;
				CLANG_WARN_NON_LITERAL_NULL_CONVERSION = YES;
				CLANG_WARN_OBJC_IMPLICIT_RETAIN_SELF = YES;
				CLANG_WARN_OBJC_LITERAL_CONVERSION = YES;
				CLANG_WARN_OBJC_ROOT_CLASS = YES_ERROR;
				CLANG_WARN_QUOTED_INCLUDE_IN_FRAMEWORK_HEADER = YES;
				CLANG_WARN_RANGE_LOOP_ANALYSIS = YES;
				CLANG_WARN_STRICT_PROTOTYPES = YES;
				CLANG_WARN_SUSPICIOUS_MOVE = YES;
				CLANG_WARN_UNGUARDED_AVAILABILITY = YES_AGGRESSIVE;
				CLANG_WARN_UNREACHABLE_CODE = YES;
				CLANG_WARN__DUPLICATE_METHOD_MATCH = YES;
				COPY_PHASE_STRIP = NO;
				DEBUG_INFORMATION_FORMAT = dwarf;
				ENABLE_STRICT_OBJC_MSGSEND = YES;
				ENABLE_TESTABILITY = YES;
				ENABLE_USER_SCRIPT_SANDBOXING = YES;
				GCC_C_LANGUAGE_STANDARD = gnu17;
				GCC_DYNAMIC_NO_PIC = NO;
				GCC_NO_COMMON_BLOCKS = YES;
				GCC_OPTIMIZATION_LEVEL = 0;
				GCC_PREPROCESSOR_DEFINITIONS = (
					"DEBUG=1",
					"$(inherited)",
				);
				GCC_WARN_64_TO_32_BIT_CONVERSION = YES;
				GCC_WARN_ABOUT_RETURN_TYPE = YES_ERROR;
				GCC_WARN_UNDECLARED_SELECTOR = YES;
				GCC_WARN_UNINITIALIZED_AUTOS = YES_AGGRESSIVE;
				GCC_WARN_UNUSED_FUNCTION = YES;
				GCC_WARN_UNUSED_VARIABLE = YES;
				IPHONEOS_DEPLOYMENT_TARGET = 17.2;
				LOCALIZATION_PREFERS_STRING_CATALOGS = YES;
				MTL_ENABLE_DEBUG_INFO = INCLUDE_SOURCE;
				MTL_FAST_MATH = YES;
				ONLY_ACTIVE_ARCH = YES;
				SDKROOT = iphoneos;
				SWIFT_ACTIVE_COMPILATION_CONDITIONS = "DEBUG $(inherited)";
				SWIFT_OPTIMIZATION_LEVEL = "-Onone";
			};
			name = Debug;
		};
		34A3A5012BB6C1A500788A93 /* Release */ = {
			isa = XCBuildConfiguration;
			buildSettings = {
				ALWAYS_SEARCH_USER_PATHS = NO;
				ASSETCATALOG_COMPILER_GENERATE_SWIFT_ASSET_SYMBOL_EXTENSIONS = YES;
				CLANG_ANALYZER_NONNULL = YES;
				CLANG_ANALYZER_NUMBER_OBJECT_CONVERSION = YES_AGGRESSIVE;
				CLANG_CXX_LANGUAGE_STANDARD = "gnu++20";
				CLANG_ENABLE_MODULES = YES;
				CLANG_ENABLE_OBJC_ARC = YES;
				CLANG_ENABLE_OBJC_WEAK = YES;
				CLANG_WARN_BLOCK_CAPTURE_AUTORELEASING = YES;
				CLANG_WARN_BOOL_CONVERSION = YES;
				CLANG_WARN_COMMA = YES;
				CLANG_WARN_CONSTANT_CONVERSION = YES;
				CLANG_WARN_DEPRECATED_OBJC_IMPLEMENTATIONS = YES;
				CLANG_WARN_DIRECT_OBJC_ISA_USAGE = YES_ERROR;
				CLANG_WARN_DOCUMENTATION_COMMENTS = YES;
				CLANG_WARN_EMPTY_BODY = YES;
				CLANG_WARN_ENUM_CONVERSION = YES;
				CLANG_WARN_INFINITE_RECURSION = YES;
				CLANG_WARN_INT_CONVERSION = YES;
				CLANG_WARN_NON_LITERAL_NULL_CONVERSION = YES;
				CLANG_WARN_OBJC_IMPLICIT_RETAIN_SELF = YES;
				CLANG_WARN_OBJC_LITERAL_CONVERSION = YES;
				CLANG_WARN_OBJC_ROOT_CLASS = YES_ERROR;
				CLANG_WARN_QUOTED_INCLUDE_IN_FRAMEWORK_HEADER = YES;
				CLANG_WARN_RANGE_LOOP_ANALYSIS = YES;
				CLANG_WARN_STRICT_PROTOTYPES = YES;
				CLANG_WARN_SUSPICIOUS_MOVE = YES;
				CLANG_WARN_UNGUARDED_AVAILABILITY = YES_AGGRESSIVE;
				CLANG_WARN_UNREACHABLE_CODE = YES;
				CLANG_WARN__DUPLICATE_METHOD_MATCH = YES;
				COPY_PHASE_STRIP = NO;
				DEBUG_INFORMATION_FORMAT = "dwarf-with-dsym";
				ENABLE_NS_ASSERTIONS = NO;
				ENABLE_STRICT_OBJC_MSGSEND = YES;
				ENABLE_USER_SCRIPT_SANDBOXING = YES;
				GCC_C_LANGUAGE_STANDARD = gnu17;
				GCC_NO_COMMON_BLOCKS = YES;
				GCC_WARN_64_TO_32_BIT_CONVERSION = YES;
				GCC_WARN_ABOUT_RETURN_TYPE = YES_ERROR;
				GCC_WARN_UNDECLARED_SELECTOR = YES;
				GCC_WARN_UNINITIALIZED_AUTOS = YES_AGGRESSIVE;
				GCC_WARN_UNUSED_FUNCTION = YES;
				GCC_WARN_UNUSED_VARIABLE = YES;
				IPHONEOS_DEPLOYMENT_TARGET = 17.2;
				LOCALIZATION_PREFERS_STRING_CATALOGS = YES;
				MTL_ENABLE_DEBUG_INFO = NO;
				MTL_FAST_MATH = YES;
				SDKROOT = iphoneos;
				SWIFT_COMPILATION_MODE = wholemodule;
				VALIDATE_PRODUCT = YES;
			};
			name = Release;
		};
		34A3A5032BB6C1A500788A93 /* Debug */ = {
			isa = XCBuildConfiguration;
			buildSettings = {
				ASSETCATALOG_COMPILER_APPICON_NAME = AppIcon;
				ASSETCATALOG_COMPILER_GLOBAL_ACCENT_COLOR_NAME = AccentColor;
				CODE_SIGN_STYLE = Automatic;
				CURRENT_PROJECT_VERSION = 1;
				DEVELOPMENT_TEAM = Q2RYTTRNT7;
				GENERATE_INFOPLIST_FILE = YES;
				INFOPLIST_FILE = MovieApp/Info.plist;
				INFOPLIST_KEY_UIApplicationSupportsIndirectInputEvents = YES;
				INFOPLIST_KEY_UILaunchStoryboardName = LaunchScreen;
				INFOPLIST_KEY_UIMainStoryboardFile = Main;
				INFOPLIST_KEY_UISupportedInterfaceOrientations_iPad = "UIInterfaceOrientationPortrait UIInterfaceOrientationPortraitUpsideDown UIInterfaceOrientationLandscapeLeft UIInterfaceOrientationLandscapeRight";
				INFOPLIST_KEY_UISupportedInterfaceOrientations_iPhone = "UIInterfaceOrientationPortrait UIInterfaceOrientationLandscapeLeft UIInterfaceOrientationLandscapeRight";
				LD_RUNPATH_SEARCH_PATHS = (
					"$(inherited)",
					"@executable_path/Frameworks",
				);
				MARKETING_VERSION = 1.0;
				PRODUCT_BUNDLE_IDENTIFIER = Pyo.com.MovieApp;
				PRODUCT_NAME = "$(TARGET_NAME)";
				SWIFT_EMIT_LOC_STRINGS = YES;
				SWIFT_VERSION = 5.0;
				TARGETED_DEVICE_FAMILY = "1,2";
			};
			name = Debug;
		};
		34A3A5042BB6C1A500788A93 /* Release */ = {
			isa = XCBuildConfiguration;
			buildSettings = {
				ASSETCATALOG_COMPILER_APPICON_NAME = AppIcon;
				ASSETCATALOG_COMPILER_GLOBAL_ACCENT_COLOR_NAME = AccentColor;
				CODE_SIGN_STYLE = Automatic;
				CURRENT_PROJECT_VERSION = 1;
				DEVELOPMENT_TEAM = Q2RYTTRNT7;
				GENERATE_INFOPLIST_FILE = YES;
				INFOPLIST_FILE = MovieApp/Info.plist;
				INFOPLIST_KEY_UIApplicationSupportsIndirectInputEvents = YES;
				INFOPLIST_KEY_UILaunchStoryboardName = LaunchScreen;
				INFOPLIST_KEY_UIMainStoryboardFile = Main;
				INFOPLIST_KEY_UISupportedInterfaceOrientations_iPad = "UIInterfaceOrientationPortrait UIInterfaceOrientationPortraitUpsideDown UIInterfaceOrientationLandscapeLeft UIInterfaceOrientationLandscapeRight";
				INFOPLIST_KEY_UISupportedInterfaceOrientations_iPhone = "UIInterfaceOrientationPortrait UIInterfaceOrientationLandscapeLeft UIInterfaceOrientationLandscapeRight";
				LD_RUNPATH_SEARCH_PATHS = (
					"$(inherited)",
					"@executable_path/Frameworks",
				);
				MARKETING_VERSION = 1.0;
				PRODUCT_BUNDLE_IDENTIFIER = Pyo.com.MovieApp;
				PRODUCT_NAME = "$(TARGET_NAME)";
				SWIFT_EMIT_LOC_STRINGS = YES;
				SWIFT_VERSION = 5.0;
				TARGETED_DEVICE_FAMILY = "1,2";
			};
			name = Release;
		};
		34A3A5062BB6C1A500788A93 /* Debug */ = {
			isa = XCBuildConfiguration;
			buildSettings = {
				ALWAYS_EMBED_SWIFT_STANDARD_LIBRARIES = YES;
				BUNDLE_LOADER = "$(TEST_HOST)";
				CODE_SIGN_STYLE = Automatic;
				CURRENT_PROJECT_VERSION = 1;
				DEVELOPMENT_TEAM = Q2RYTTRNT7;
				GENERATE_INFOPLIST_FILE = YES;
				IPHONEOS_DEPLOYMENT_TARGET = 17.2;
				MARKETING_VERSION = 1.0;
				PRODUCT_BUNDLE_IDENTIFIER = Pyo.com.MovieAppTests;
				PRODUCT_NAME = "$(TARGET_NAME)";
				SWIFT_EMIT_LOC_STRINGS = NO;
				SWIFT_VERSION = 5.0;
				TARGETED_DEVICE_FAMILY = "1,2";
				TEST_HOST = "$(BUILT_PRODUCTS_DIR)/MovieApp.app/$(BUNDLE_EXECUTABLE_FOLDER_PATH)/MovieApp";
			};
			name = Debug;
		};
		34A3A5072BB6C1A500788A93 /* Release */ = {
			isa = XCBuildConfiguration;
			buildSettings = {
				ALWAYS_EMBED_SWIFT_STANDARD_LIBRARIES = YES;
				BUNDLE_LOADER = "$(TEST_HOST)";
				CODE_SIGN_STYLE = Automatic;
				CURRENT_PROJECT_VERSION = 1;
				DEVELOPMENT_TEAM = Q2RYTTRNT7;
				GENERATE_INFOPLIST_FILE = YES;
				IPHONEOS_DEPLOYMENT_TARGET = 17.2;
				MARKETING_VERSION = 1.0;
				PRODUCT_BUNDLE_IDENTIFIER = Pyo.com.MovieAppTests;
				PRODUCT_NAME = "$(TARGET_NAME)";
				SWIFT_EMIT_LOC_STRINGS = NO;
				SWIFT_VERSION = 5.0;
				TARGETED_DEVICE_FAMILY = "1,2";
				TEST_HOST = "$(BUILT_PRODUCTS_DIR)/MovieApp.app/$(BUNDLE_EXECUTABLE_FOLDER_PATH)/MovieApp";
			};
			name = Release;
		};
		34A3A5092BB6C1A500788A93 /* Debug */ = {
			isa = XCBuildConfiguration;
			buildSettings = {
				ALWAYS_EMBED_SWIFT_STANDARD_LIBRARIES = YES;
				CODE_SIGN_STYLE = Automatic;
				CURRENT_PROJECT_VERSION = 1;
				DEVELOPMENT_TEAM = Q2RYTTRNT7;
				GENERATE_INFOPLIST_FILE = YES;
				MARKETING_VERSION = 1.0;
				PRODUCT_BUNDLE_IDENTIFIER = Pyo.com.MovieAppUITests;
				PRODUCT_NAME = "$(TARGET_NAME)";
				SWIFT_EMIT_LOC_STRINGS = NO;
				SWIFT_VERSION = 5.0;
				TARGETED_DEVICE_FAMILY = "1,2";
				TEST_TARGET_NAME = MovieApp;
			};
			name = Debug;
		};
		34A3A50A2BB6C1A500788A93 /* Release */ = {
			isa = XCBuildConfiguration;
			buildSettings = {
				ALWAYS_EMBED_SWIFT_STANDARD_LIBRARIES = YES;
				CODE_SIGN_STYLE = Automatic;
				CURRENT_PROJECT_VERSION = 1;
				DEVELOPMENT_TEAM = Q2RYTTRNT7;
				GENERATE_INFOPLIST_FILE = YES;
				MARKETING_VERSION = 1.0;
				PRODUCT_BUNDLE_IDENTIFIER = Pyo.com.MovieAppUITests;
				PRODUCT_NAME = "$(TARGET_NAME)";
				SWIFT_EMIT_LOC_STRINGS = NO;
				SWIFT_VERSION = 5.0;
				TARGETED_DEVICE_FAMILY = "1,2";
				TEST_TARGET_NAME = MovieApp;
			};
			name = Release;
		};
/* End XCBuildConfiguration section */

/* Begin XCConfigurationList section */
		34A3A4D32BB6C1A300788A93 /* Build configuration list for PBXProject "MovieApp" */ = {
			isa = XCConfigurationList;
			buildConfigurations = (
				34A3A5002BB6C1A500788A93 /* Debug */,
				34A3A5012BB6C1A500788A93 /* Release */,
			);
			defaultConfigurationIsVisible = 0;
			defaultConfigurationName = Release;
		};
		34A3A5022BB6C1A500788A93 /* Build configuration list for PBXNativeTarget "MovieApp" */ = {
			isa = XCConfigurationList;
			buildConfigurations = (
				34A3A5032BB6C1A500788A93 /* Debug */,
				34A3A5042BB6C1A500788A93 /* Release */,
			);
			defaultConfigurationIsVisible = 0;
			defaultConfigurationName = Release;
		};
		34A3A5052BB6C1A500788A93 /* Build configuration list for PBXNativeTarget "MovieAppTests" */ = {
			isa = XCConfigurationList;
			buildConfigurations = (
				34A3A5062BB6C1A500788A93 /* Debug */,
				34A3A5072BB6C1A500788A93 /* Release */,
			);
			defaultConfigurationIsVisible = 0;
			defaultConfigurationName = Release;
		};
		34A3A5082BB6C1A500788A93 /* Build configuration list for PBXNativeTarget "MovieAppUITests" */ = {
			isa = XCConfigurationList;
			buildConfigurations = (
				34A3A5092BB6C1A500788A93 /* Debug */,
				34A3A50A2BB6C1A500788A93 /* Release */,
			);
			defaultConfigurationIsVisible = 0;
			defaultConfigurationName = Release;
		};
/* End XCConfigurationList section */

/* Begin XCRemoteSwiftPackageReference section */
		34A3A50B2BB6C2E100788A93 /* XCRemoteSwiftPackageReference "RxSwift" */ = {
			isa = XCRemoteSwiftPackageReference;
			repositoryURL = "https://github.com/ReactiveX/RxSwift.git";
			requirement = {
				kind = upToNextMajorVersion;
				minimumVersion = 6.6.0;
			};
		};
		34A3A5292BB6C96A00788A93 /* XCRemoteSwiftPackageReference "Then" */ = {
			isa = XCRemoteSwiftPackageReference;
			repositoryURL = "https://github.com/devxoul/Then.git";
			requirement = {
				kind = upToNextMajorVersion;
				minimumVersion = 3.0.0;
			};
		};
		34A3A52C2BB6C98600788A93 /* XCRemoteSwiftPackageReference "SnapKit" */ = {
			isa = XCRemoteSwiftPackageReference;
			repositoryURL = "https://github.com/SnapKit/SnapKit.git";
			requirement = {
				kind = upToNextMajorVersion;
				minimumVersion = 5.7.1;
			};
		};
		34A3A52F2BB6D12000788A93 /* XCRemoteSwiftPackageReference "APNGKit" */ = {
			isa = XCRemoteSwiftPackageReference;
			repositoryURL = "https://github.com/onevcat/APNGKit.git";
			requirement = {
				kind = upToNextMajorVersion;
				minimumVersion = 2.3.0;
			};
		};
/* End XCRemoteSwiftPackageReference section */

/* Begin XCSwiftPackageProductDependency section */
		34A3A50C2BB6C2E100788A93 /* RxCocoa */ = {
			isa = XCSwiftPackageProductDependency;
			package = 34A3A50B2BB6C2E100788A93 /* XCRemoteSwiftPackageReference "RxSwift" */;
			productName = RxCocoa;
		};
		34A3A50E2BB6C2E100788A93 /* RxRelay */ = {
			isa = XCSwiftPackageProductDependency;
			package = 34A3A50B2BB6C2E100788A93 /* XCRemoteSwiftPackageReference "RxSwift" */;
			productName = RxRelay;
		};
		34A3A52A2BB6C96A00788A93 /* Then */ = {
			isa = XCSwiftPackageProductDependency;
			package = 34A3A5292BB6C96A00788A93 /* XCRemoteSwiftPackageReference "Then" */;
			productName = Then;
		};
		34A3A52D2BB6C98600788A93 /* SnapKit */ = {
			isa = XCSwiftPackageProductDependency;
			package = 34A3A52C2BB6C98600788A93 /* XCRemoteSwiftPackageReference "SnapKit" */;
			productName = SnapKit;
		};
		34A3A5302BB6D12000788A93 /* APNGKit */ = {
			isa = XCSwiftPackageProductDependency;
			package = 34A3A52F2BB6D12000788A93 /* XCRemoteSwiftPackageReference "APNGKit" */;
			productName = APNGKit;
		};
/* End XCSwiftPackageProductDependency section */
	};
	rootObject = 34A3A4D02BB6C1A300788A93 /* Project object */;
}
